{
  "originHash" : "2d511f77bbb05d419281bdb7142d869f0371b2de813fb77edb1eafbeb55ab50f",
  "pins" : [
    {
      "identity" : "eudi-lib-podofo",
      "kind" : "remoteSourceControl",
      "location" : "https://github.com/eu-digital-identity-wallet/eudi-lib-podofo",
      "state" : {
        "revision" : "fe0269ba1ed58789cad865d87f759f4ba3658c67",
        "version" : "0.3.7"
      }
    }
  ],
  "version" : 3
}
